// !$*UTF8*$!
{
	archiveVersion = 1;
	classes = {
	};
	objectVersion = 46;
	objects = {

/* Begin PBXBuildFile section */
		5FF7D5C01C80A75A002157DB /* main.m in Sources */ = {isa = PBXBuildFile; fileRef = 5FF7D5BF1C80A75A002157DB /* main.m */; };
		5FF7D5CB1C80A75A002157DB /* Assets.xcassets in Resources */ = {isa = PBXBuildFile; fileRef = 5FF7D5CA1C80A75A002157DB /* Assets.xcassets */; };
		5FF7D5CE1C80A75A002157DB /* LaunchScreen.storyboard in Resources */ = {isa = PBXBuildFile; fileRef = 5FF7D5CC1C80A75A002157DB /* LaunchScreen.storyboard */; };
		5FF7D5DD1C80A782002157DB /* CBAppDelegate.m in Sources */ = {isa = PBXBuildFile; fileRef = 5FF7D5D61C80A782002157DB /* CBAppDelegate.m */; };
		5FF7D5DE1C80A782002157DB /* CBDeviceInfo.m in Sources */ = {isa = PBXBuildFile; fileRef = 5FF7D5D81C80A782002157DB /* CBDeviceInfo.m */; };
		5FF7D5DF1C80A782002157DB /* CBFirmwareDownloader.m in Sources */ = {isa = PBXBuildFile; fileRef = 5FF7D5DA1C80A782002157DB /* CBFirmwareDownloader.m */; };
		5FF7D5E01C80A782002157DB /* CBMainViewController.m in Sources */ = {isa = PBXBuildFile; fileRef = 5FF7D5DC1C80A782002157DB /* CBMainViewController.m */; };
		5FF7D6091C80A99C002157DB /* AFHTTPRequestOperation.m in Sources */ = {isa = PBXBuildFile; fileRef = 5FF7D5F71C80A99C002157DB /* AFHTTPRequestOperation.m */; };
		5FF7D60A1C80A99C002157DB /* AFHTTPRequestOperationManager.m in Sources */ = {isa = PBXBuildFile; fileRef = 5FF7D5F91C80A99C002157DB /* AFHTTPRequestOperationManager.m */; };
		5FF7D60B1C80A99C002157DB /* AFHTTPSessionManager.m in Sources */ = {isa = PBXBuildFile; fileRef = 5FF7D5FB1C80A99C002157DB /* AFHTTPSessionManager.m */; };
		5FF7D60C1C80A99C002157DB /* AFNetworkReachabilityManager.m in Sources */ = {isa = PBXBuildFile; fileRef = 5FF7D5FE1C80A99C002157DB /* AFNetworkReachabilityManager.m */; };
		5FF7D60D1C80A99C002157DB /* AFSecurityPolicy.m in Sources */ = {isa = PBXBuildFile; fileRef = 5FF7D6001C80A99C002157DB /* AFSecurityPolicy.m */; };
		5FF7D60E1C80A99C002157DB /* AFURLConnectionOperation.m in Sources */ = {isa = PBXBuildFile; fileRef = 5FF7D6021C80A99C002157DB /* AFURLConnectionOperation.m */; };
		5FF7D60F1C80A99C002157DB /* AFURLRequestSerialization.m in Sources */ = {isa = PBXBuildFile; fileRef = 5FF7D6041C80A99C002157DB /* AFURLRequestSerialization.m */; };
		5FF7D6101C80A99C002157DB /* AFURLResponseSerialization.m in Sources */ = {isa = PBXBuildFile; fileRef = 5FF7D6061C80A99C002157DB /* AFURLResponseSerialization.m */; };
		5FF7D6111C80A99C002157DB /* AFURLSessionManager.m in Sources */ = {isa = PBXBuildFile; fileRef = 5FF7D6081C80A99C002157DB /* AFURLSessionManager.m */; };
		5FF7D63C1C80B51B002157DB /* aescrypt.c in Sources */ = {isa = PBXBuildFile; fileRef = 5FF7D61A1C80B51B002157DB /* aescrypt.c */; };
		5FF7D63D1C80B51B002157DB /* aeskey.c in Sources */ = {isa = PBXBuildFile; fileRef = 5FF7D61B1C80B51B002157DB /* aeskey.c */; };
		5FF7D63E1C80B51B002157DB /* aestab.c in Sources */ = {isa = PBXBuildFile; fileRef = 5FF7D61D1C80B51B002157DB /* aestab.c */; };
		5FF7D63F1C80B51B002157DB /* entropy.c in Sources */ = {isa = PBXBuildFile; fileRef = 5FF7D6211C80B51B002157DB /* entropy.c */; };
		5FF7D6401C80B51B002157DB /* fileenc.c in Sources */ = {isa = PBXBuildFile; fileRef = 5FF7D6231C80B51B002157DB /* fileenc.c */; };
		5FF7D6411C80B51B002157DB /* hmac.c in Sources */ = {isa = PBXBuildFile; fileRef = 5FF7D6251C80B51B002157DB /* hmac.c */; };
		5FF7D6421C80B51B002157DB /* prng.c in Sources */ = {isa = PBXBuildFile; fileRef = 5FF7D6271C80B51B002157DB /* prng.c */; };
		5FF7D6431C80B51B002157DB /* pwd2key.c in Sources */ = {isa = PBXBuildFile; fileRef = 5FF7D6291C80B51B002157DB /* pwd2key.c */; };
		5FF7D6441C80B51B002157DB /* sha1.c in Sources */ = {isa = PBXBuildFile; fileRef = 5FF7D62B1C80B51B002157DB /* sha1.c */; };
		5FF7D6451C80B51B002157DB /* Info.plist in Resources */ = {isa = PBXBuildFile; fileRef = 5FF7D62E1C80B51B002157DB /* Info.plist */; };
		5FF7D6461C80B51B002157DB /* ioapi.c in Sources */ = {isa = PBXBuildFile; fileRef = 5FF7D6311C80B51B002157DB /* ioapi.c */; };
		5FF7D6471C80B51B002157DB /* mztools.c in Sources */ = {isa = PBXBuildFile; fileRef = 5FF7D6331C80B51B002157DB /* mztools.c */; };
		5FF7D6481C80B51B002157DB /* unzip.c in Sources */ = {isa = PBXBuildFile; fileRef = 5FF7D6351C80B51B002157DB /* unzip.c */; };
		5FF7D6491C80B51B002157DB /* zip.c in Sources */ = {isa = PBXBuildFile; fileRef = 5FF7D6371C80B51B002157DB /* zip.c */; };
		5FF7D64A1C80B51B002157DB /* SSZipArchive.m in Sources */ = {isa = PBXBuildFile; fileRef = 5FF7D63A1C80B51B002157DB /* SSZipArchive.m */; };
		5FF7D64C1C80B538002157DB /* libz.tbd in Frameworks */ = {isa = PBXBuildFile; fileRef = 5FF7D64B1C80B538002157DB /* libz.tbd */; };
		5FF7D6711C80C800002157DB /* abstractfile.c in Sources */ = {isa = PBXBuildFile; fileRef = 5FF7D64E1C80C800002157DB /* abstractfile.c */; };
		5FF7D6721C80C800002157DB /* base64.c in Sources */ = {isa = PBXBuildFile; fileRef = 5FF7D64F1C80C800002157DB /* base64.c */; };
		5FF7D6731C80C800002157DB /* img2.c in Sources */ = {isa = PBXBuildFile; fileRef = 5FF7D6501C80C800002157DB /* img2.c */; };
		5FF7D6741C80C800002157DB /* img3.c in Sources */ = {isa = PBXBuildFile; fileRef = 5FF7D6511C80C800002157DB /* img3.c */; };
		5FF7D6751C80C800002157DB /* libxpwn.c in Sources */ = {isa = PBXBuildFile; fileRef = 5FF7D6691C80C800002157DB /* libxpwn.c */; };
		5FF7D6771C80C800002157DB /* lzss.c in Sources */ = {isa = PBXBuildFile; fileRef = 5FF7D66B1C80C800002157DB /* lzss.c */; };
		5FF7D6781C80C800002157DB /* lzssfile.c in Sources */ = {isa = PBXBuildFile; fileRef = 5FF7D66C1C80C800002157DB /* lzssfile.c */; };
		5FF7D67A1C80C800002157DB /* nor_files.c in Sources */ = {isa = PBXBuildFile; fileRef = 5FF7D66E1C80C800002157DB /* nor_files.c */; };
		5FF7D67C1C80C800002157DB /* xpwntool.c in Sources */ = {isa = PBXBuildFile; fileRef = 5FF7D6701C80C800002157DB /* xpwntool.c */; };
		5FF7D67E1C80CA98002157DB /* liblzma.tbd in Frameworks */ = {isa = PBXBuildFile; fileRef = 5FF7D67D1C80CA98002157DB /* liblzma.tbd */; };
		5FF7D6821C80D103002157DB /* libcrypto.a in Frameworks */ = {isa = PBXBuildFile; fileRef = 5FF7D6801C80D103002157DB /* libcrypto.a */; };
		5FF7D6831C80D103002157DB /* libssl.a in Frameworks */ = {isa = PBXBuildFile; fileRef = 5FF7D6811C80D103002157DB /* libssl.a */; };
		5FF7D6CC1C80D4CF002157DB /* CBImageDecrypter.m in Sources */ = {isa = PBXBuildFile; fileRef = 5FF7D6CB1C80D4CF002157DB /* CBImageDecrypter.m */; };
		5FF7D6D31C80EFA5002157DB /* CBImagePatcher.m in Sources */ = {isa = PBXBuildFile; fileRef = 5FF7D6D21C80EFA5002157DB /* CBImagePatcher.m */; };
		5FF7D6D71C810E51002157DB /* libbz2.1.0.tbd in Frameworks */ = {isa = PBXBuildFile; fileRef = 5FF7D6D61C810E51002157DB /* libbz2.1.0.tbd */; };
		5FF7D6E81C8148B5002157DB /* checksum.c in Sources */ = {isa = PBXBuildFile; fileRef = 5FF7D6D91C8148B5002157DB /* checksum.c */; };
		5FF7D6E91C8148B5002157DB /* CMakeLists.txt in Resources */ = {isa = PBXBuildFile; fileRef = 5FF7D6DA1C8148B5002157DB /* CMakeLists.txt */; };
		5FF7D6EA1C8148B5002157DB /* dmg.c in Sources */ = {isa = PBXBuildFile; fileRef = 5FF7D6DB1C8148B5002157DB /* dmg.c */; };
		5FF7D6EB1C8148B5002157DB /* dmgfile.c in Sources */ = {isa = PBXBuildFile; fileRef = 5FF7D6DD1C8148B5002157DB /* dmgfile.c */; };
		5FF7D6EC1C8148B5002157DB /* dmglib.c in Sources */ = {isa = PBXBuildFile; fileRef = 5FF7D6DF1C8148B5002157DB /* dmglib.c */; };
		5FF7D6ED1C8148B5002157DB /* filevault.c in Sources */ = {isa = PBXBuildFile; fileRef = 5FF7D6E11C8148B5002157DB /* filevault.c */; };
		5FF7D6EE1C8148B5002157DB /* io.c in Sources */ = {isa = PBXBuildFile; fileRef = 5FF7D6E31C8148B5002157DB /* io.c */; };
		5FF7D6EF1C8148B5002157DB /* partition.c in Sources */ = {isa = PBXBuildFile; fileRef = 5FF7D6E41C8148B5002157DB /* partition.c */; };
		5FF7D6F01C8148B5002157DB /* resources.c in Sources */ = {isa = PBXBuildFile; fileRef = 5FF7D6E51C8148B5002157DB /* resources.c */; };
		5FF7D6F11C8148B5002157DB /* udif.c in Sources */ = {isa = PBXBuildFile; fileRef = 5FF7D6E61C8148B5002157DB /* udif.c */; };
		5FF7D7041C8149E6002157DB /* btree.c in Sources */ = {isa = PBXBuildFile; fileRef = 5FF7D6F41C8149E6002157DB /* btree.c */; };
		5FF7D7051C8149E6002157DB /* catalog.c in Sources */ = {isa = PBXBuildFile; fileRef = 5FF7D6F51C8149E6002157DB /* catalog.c */; };
		5FF7D7061C8149E6002157DB /* CMakeLists.txt in Resources */ = {isa = PBXBuildFile; fileRef = 5FF7D6F61C8149E6002157DB /* CMakeLists.txt */; };
		5FF7D7071C8149E6002157DB /* extents.c in Sources */ = {isa = PBXBuildFile; fileRef = 5FF7D6F71C8149E6002157DB /* extents.c */; };
		5FF7D7081C8149E6002157DB /* fastunicodecompare.c in Sources */ = {isa = PBXBuildFile; fileRef = 5FF7D6F81C8149E6002157DB /* fastunicodecompare.c */; };
		5FF7D7091C8149E6002157DB /* flatfile.c in Sources */ = {isa = PBXBuildFile; fileRef = 5FF7D6F91C8149E6002157DB /* flatfile.c */; };
		5FF7D70A1C8149E6002157DB /* hfs.c in Sources */ = {isa = PBXBuildFile; fileRef = 5FF7D6FA1C8149E6002157DB /* hfs.c */; };
		5FF7D70B1C8149E6002157DB /* hfscompress.c in Sources */ = {isa = PBXBuildFile; fileRef = 5FF7D6FB1C8149E6002157DB /* hfscompress.c */; };
		5FF7D70C1C8149E6002157DB /* hfslib.c in Sources */ = {isa = PBXBuildFile; fileRef = 5FF7D6FD1C8149E6002157DB /* hfslib.c */; };
		5FF7D70D1C8149E6002157DB /* rawfile.c in Sources */ = {isa = PBXBuildFile; fileRef = 5FF7D7001C8149E6002157DB /* rawfile.c */; };
		5FF7D70E1C8149E6002157DB /* utility.c in Sources */ = {isa = PBXBuildFile; fileRef = 5FF7D7011C8149E6002157DB /* utility.c */; };
		5FF7D70F1C8149E6002157DB /* volume.c in Sources */ = {isa = PBXBuildFile; fileRef = 5FF7D7021C8149E6002157DB /* volume.c */; };
		5FF7D7101C8149E6002157DB /* xattr.c in Sources */ = {isa = PBXBuildFile; fileRef = 5FF7D7031C8149E6002157DB /* xattr.c */; };
/* End PBXBuildFile section */

/* Begin PBXFileReference section */
		5FF7D5BB1C80A75A002157DB /* coolbooter.app */ = {isa = PBXFileReference; explicitFileType = wrapper.application; includeInIndex = 0; path = coolbooter.app; sourceTree = BUILT_PRODUCTS_DIR; };
		5FF7D5BF1C80A75A002157DB /* main.m */ = {isa = PBXFileReference; lastKnownFileType = sourcecode.c.objc; path = main.m; sourceTree = "<group>"; };
		5FF7D5CA1C80A75A002157DB /* Assets.xcassets */ = {isa = PBXFileReference; lastKnownFileType = folder.assetcatalog; path = Assets.xcassets; sourceTree = "<group>"; };
		5FF7D5CD1C80A75A002157DB /* Base */ = {isa = PBXFileReference; lastKnownFileType = file.storyboard; name = Base; path = Base.lproj/LaunchScreen.storyboard; sourceTree = "<group>"; };
		5FF7D5CF1C80A75A002157DB /* Info.plist */ = {isa = PBXFileReference; lastKnownFileType = text.plist.xml; path = Info.plist; sourceTree = "<group>"; };
		5FF7D5D51C80A782002157DB /* CBAppDelegate.h */ = {isa = PBXFileReference; fileEncoding = 4; lastKnownFileType = sourcecode.c.h; path = CBAppDelegate.h; sourceTree = "<group>"; };
		5FF7D5D61C80A782002157DB /* CBAppDelegate.m */ = {isa = PBXFileReference; fileEncoding = 4; lastKnownFileType = sourcecode.c.objc; path = CBAppDelegate.m; sourceTree = "<group>"; };
		5FF7D5D71C80A782002157DB /* CBDeviceInfo.h */ = {isa = PBXFileReference; fileEncoding = 4; lastKnownFileType = sourcecode.c.h; path = CBDeviceInfo.h; sourceTree = "<group>"; };
		5FF7D5D81C80A782002157DB /* CBDeviceInfo.m */ = {isa = PBXFileReference; fileEncoding = 4; lastKnownFileType = sourcecode.c.objc; path = CBDeviceInfo.m; sourceTree = "<group>"; };
		5FF7D5D91C80A782002157DB /* CBFirmwareDownloader.h */ = {isa = PBXFileReference; fileEncoding = 4; lastKnownFileType = sourcecode.c.h; path = CBFirmwareDownloader.h; sourceTree = "<group>"; };
		5FF7D5DA1C80A782002157DB /* CBFirmwareDownloader.m */ = {isa = PBXFileReference; fileEncoding = 4; lastKnownFileType = sourcecode.c.objc; path = CBFirmwareDownloader.m; sourceTree = "<group>"; };
		5FF7D5DB1C80A782002157DB /* CBMainViewController.h */ = {isa = PBXFileReference; fileEncoding = 4; lastKnownFileType = sourcecode.c.h; path = CBMainViewController.h; sourceTree = "<group>"; };
		5FF7D5DC1C80A782002157DB /* CBMainViewController.m */ = {isa = PBXFileReference; fileEncoding = 4; lastKnownFileType = sourcecode.c.objc; path = CBMainViewController.m; sourceTree = "<group>"; };
		5FF7D5F61C80A99C002157DB /* AFHTTPRequestOperation.h */ = {isa = PBXFileReference; fileEncoding = 4; lastKnownFileType = sourcecode.c.h; path = AFHTTPRequestOperation.h; sourceTree = "<group>"; };
		5FF7D5F71C80A99C002157DB /* AFHTTPRequestOperation.m */ = {isa = PBXFileReference; fileEncoding = 4; lastKnownFileType = sourcecode.c.objc; path = AFHTTPRequestOperation.m; sourceTree = "<group>"; };
		5FF7D5F81C80A99C002157DB /* AFHTTPRequestOperationManager.h */ = {isa = PBXFileReference; fileEncoding = 4; lastKnownFileType = sourcecode.c.h; path = AFHTTPRequestOperationManager.h; sourceTree = "<group>"; };
		5FF7D5F91C80A99C002157DB /* AFHTTPRequestOperationManager.m */ = {isa = PBXFileReference; fileEncoding = 4; lastKnownFileType = sourcecode.c.objc; path = AFHTTPRequestOperationManager.m; sourceTree = "<group>"; };
		5FF7D5FA1C80A99C002157DB /* AFHTTPSessionManager.h */ = {isa = PBXFileReference; fileEncoding = 4; lastKnownFileType = sourcecode.c.h; path = AFHTTPSessionManager.h; sourceTree = "<group>"; };
		5FF7D5FB1C80A99C002157DB /* AFHTTPSessionManager.m */ = {isa = PBXFileReference; fileEncoding = 4; lastKnownFileType = sourcecode.c.objc; path = AFHTTPSessionManager.m; sourceTree = "<group>"; };
		5FF7D5FC1C80A99C002157DB /* AFNetworking.h */ = {isa = PBXFileReference; fileEncoding = 4; lastKnownFileType = sourcecode.c.h; path = AFNetworking.h; sourceTree = "<group>"; };
		5FF7D5FD1C80A99C002157DB /* AFNetworkReachabilityManager.h */ = {isa = PBXFileReference; fileEncoding = 4; lastKnownFileType = sourcecode.c.h; path = AFNetworkReachabilityManager.h; sourceTree = "<group>"; };
		5FF7D5FE1C80A99C002157DB /* AFNetworkReachabilityManager.m */ = {isa = PBXFileReference; fileEncoding = 4; lastKnownFileType = sourcecode.c.objc; path = AFNetworkReachabilityManager.m; sourceTree = "<group>"; };
		5FF7D5FF1C80A99C002157DB /* AFSecurityPolicy.h */ = {isa = PBXFileReference; fileEncoding = 4; lastKnownFileType = sourcecode.c.h; path = AFSecurityPolicy.h; sourceTree = "<group>"; };
		5FF7D6001C80A99C002157DB /* AFSecurityPolicy.m */ = {isa = PBXFileReference; fileEncoding = 4; lastKnownFileType = sourcecode.c.objc; path = AFSecurityPolicy.m; sourceTree = "<group>"; };
		5FF7D6011C80A99C002157DB /* AFURLConnectionOperation.h */ = {isa = PBXFileReference; fileEncoding = 4; lastKnownFileType = sourcecode.c.h; path = AFURLConnectionOperation.h; sourceTree = "<group>"; };
		5FF7D6021C80A99C002157DB /* AFURLConnectionOperation.m */ = {isa = PBXFileReference; fileEncoding = 4; lastKnownFileType = sourcecode.c.objc; path = AFURLConnectionOperation.m; sourceTree = "<group>"; };
		5FF7D6031C80A99C002157DB /* AFURLRequestSerialization.h */ = {isa = PBXFileReference; fileEncoding = 4; lastKnownFileType = sourcecode.c.h; path = AFURLRequestSerialization.h; sourceTree = "<group>"; };
		5FF7D6041C80A99C002157DB /* AFURLRequestSerialization.m */ = {isa = PBXFileReference; fileEncoding = 4; lastKnownFileType = sourcecode.c.objc; path = AFURLRequestSerialization.m; sourceTree = "<group>"; };
		5FF7D6051C80A99C002157DB /* AFURLResponseSerialization.h */ = {isa = PBXFileReference; fileEncoding = 4; lastKnownFileType = sourcecode.c.h; path = AFURLResponseSerialization.h; sourceTree = "<group>"; };
		5FF7D6061C80A99C002157DB /* AFURLResponseSerialization.m */ = {isa = PBXFileReference; fileEncoding = 4; lastKnownFileType = sourcecode.c.objc; path = AFURLResponseSerialization.m; sourceTree = "<group>"; };
		5FF7D6071C80A99C002157DB /* AFURLSessionManager.h */ = {isa = PBXFileReference; fileEncoding = 4; lastKnownFileType = sourcecode.c.h; path = AFURLSessionManager.h; sourceTree = "<group>"; };
		5FF7D6081C80A99C002157DB /* AFURLSessionManager.m */ = {isa = PBXFileReference; fileEncoding = 4; lastKnownFileType = sourcecode.c.objc; path = AFURLSessionManager.m; sourceTree = "<group>"; };
		5FF7D6181C80B51B002157DB /* aes.h */ = {isa = PBXFileReference; fileEncoding = 4; lastKnownFileType = sourcecode.c.h; path = aes.h; sourceTree = "<group>"; };
		5FF7D6191C80B51B002157DB /* aes_via_ace.h */ = {isa = PBXFileReference; fileEncoding = 4; lastKnownFileType = sourcecode.c.h; path = aes_via_ace.h; sourceTree = "<group>"; };
		5FF7D61A1C80B51B002157DB /* aescrypt.c */ = {isa = PBXFileReference; fileEncoding = 4; lastKnownFileType = sourcecode.c.c; path = aescrypt.c; sourceTree = "<group>"; };
		5FF7D61B1C80B51B002157DB /* aeskey.c */ = {isa = PBXFileReference; fileEncoding = 4; lastKnownFileType = sourcecode.c.c; path = aeskey.c; sourceTree = "<group>"; };
		5FF7D61C1C80B51B002157DB /* aesopt.h */ = {isa = PBXFileReference; fileEncoding = 4; lastKnownFileType = sourcecode.c.h; path = aesopt.h; sourceTree = "<group>"; };
		5FF7D61D1C80B51B002157DB /* aestab.c */ = {isa = PBXFileReference; fileEncoding = 4; lastKnownFileType = sourcecode.c.c; path = aestab.c; sourceTree = "<group>"; };
		5FF7D61E1C80B51B002157DB /* aestab.h */ = {isa = PBXFileReference; fileEncoding = 4; lastKnownFileType = sourcecode.c.h; path = aestab.h; sourceTree = "<group>"; };
		5FF7D61F1C80B51B002157DB /* brg_endian.h */ = {isa = PBXFileReference; fileEncoding = 4; lastKnownFileType = sourcecode.c.h; path = brg_endian.h; sourceTree = "<group>"; };
		5FF7D6201C80B51B002157DB /* brg_types.h */ = {isa = PBXFileReference; fileEncoding = 4; lastKnownFileType = sourcecode.c.h; path = brg_types.h; sourceTree = "<group>"; };
		5FF7D6211C80B51B002157DB /* entropy.c */ = {isa = PBXFileReference; fileEncoding = 4; lastKnownFileType = sourcecode.c.c; path = entropy.c; sourceTree = "<group>"; };
		5FF7D6221C80B51B002157DB /* entropy.h */ = {isa = PBXFileReference; fileEncoding = 4; lastKnownFileType = sourcecode.c.h; path = entropy.h; sourceTree = "<group>"; };
		5FF7D6231C80B51B002157DB /* fileenc.c */ = {isa = PBXFileReference; fileEncoding = 4; lastKnownFileType = sourcecode.c.c; path = fileenc.c; sourceTree = "<group>"; };
		5FF7D6241C80B51B002157DB /* fileenc.h */ = {isa = PBXFileReference; fileEncoding = 4; lastKnownFileType = sourcecode.c.h; path = fileenc.h; sourceTree = "<group>"; };
		5FF7D6251C80B51B002157DB /* hmac.c */ = {isa = PBXFileReference; fileEncoding = 4; lastKnownFileType = sourcecode.c.c; path = hmac.c; sourceTree = "<group>"; };
		5FF7D6261C80B51B002157DB /* hmac.h */ = {isa = PBXFileReference; fileEncoding = 4; lastKnownFileType = sourcecode.c.h; path = hmac.h; sourceTree = "<group>"; };
		5FF7D6271C80B51B002157DB /* prng.c */ = {isa = PBXFileReference; fileEncoding = 4; lastKnownFileType = sourcecode.c.c; path = prng.c; sourceTree = "<group>"; };
		5FF7D6281C80B51B002157DB /* prng.h */ = {isa = PBXFileReference; fileEncoding = 4; lastKnownFileType = sourcecode.c.h; path = prng.h; sourceTree = "<group>"; };
		5FF7D6291C80B51B002157DB /* pwd2key.c */ = {isa = PBXFileReference; fileEncoding = 4; lastKnownFileType = sourcecode.c.c; path = pwd2key.c; sourceTree = "<group>"; };
		5FF7D62A1C80B51B002157DB /* pwd2key.h */ = {isa = PBXFileReference; fileEncoding = 4; lastKnownFileType = sourcecode.c.h; path = pwd2key.h; sourceTree = "<group>"; };
		5FF7D62B1C80B51B002157DB /* sha1.c */ = {isa = PBXFileReference; fileEncoding = 4; lastKnownFileType = sourcecode.c.c; path = sha1.c; sourceTree = "<group>"; };
		5FF7D62C1C80B51B002157DB /* sha1.h */ = {isa = PBXFileReference; fileEncoding = 4; lastKnownFileType = sourcecode.c.h; path = sha1.h; sourceTree = "<group>"; };
		5FF7D62D1C80B51B002157DB /* Common.h */ = {isa = PBXFileReference; fileEncoding = 4; lastKnownFileType = sourcecode.c.h; path = Common.h; sourceTree = "<group>"; };
		5FF7D62E1C80B51B002157DB /* Info.plist */ = {isa = PBXFileReference; fileEncoding = 4; lastKnownFileType = text.plist.xml; path = Info.plist; sourceTree = "<group>"; };
		5FF7D6301C80B51B002157DB /* crypt.h */ = {isa = PBXFileReference; fileEncoding = 4; lastKnownFileType = sourcecode.c.h; path = crypt.h; sourceTree = "<group>"; };
		5FF7D6311C80B51B002157DB /* ioapi.c */ = {isa = PBXFileReference; fileEncoding = 4; lastKnownFileType = sourcecode.c.c; path = ioapi.c; sourceTree = "<group>"; };
		5FF7D6321C80B51B002157DB /* ioapi.h */ = {isa = PBXFileReference; fileEncoding = 4; lastKnownFileType = sourcecode.c.h; path = ioapi.h; sourceTree = "<group>"; };
		5FF7D6331C80B51B002157DB /* mztools.c */ = {isa = PBXFileReference; fileEncoding = 4; lastKnownFileType = sourcecode.c.c; path = mztools.c; sourceTree = "<group>"; };
		5FF7D6341C80B51B002157DB /* mztools.h */ = {isa = PBXFileReference; fileEncoding = 4; lastKnownFileType = sourcecode.c.h; path = mztools.h; sourceTree = "<group>"; };
		5FF7D6351C80B51B002157DB /* unzip.c */ = {isa = PBXFileReference; fileEncoding = 4; lastKnownFileType = sourcecode.c.c; path = unzip.c; sourceTree = "<group>"; };
		5FF7D6361C80B51B002157DB /* unzip.h */ = {isa = PBXFileReference; fileEncoding = 4; lastKnownFileType = sourcecode.c.h; path = unzip.h; sourceTree = "<group>"; };
		5FF7D6371C80B51B002157DB /* zip.c */ = {isa = PBXFileReference; fileEncoding = 4; lastKnownFileType = sourcecode.c.c; path = zip.c; sourceTree = "<group>"; };
		5FF7D6381C80B51B002157DB /* zip.h */ = {isa = PBXFileReference; fileEncoding = 4; lastKnownFileType = sourcecode.c.h; path = zip.h; sourceTree = "<group>"; };
		5FF7D6391C80B51B002157DB /* SSZipArchive.h */ = {isa = PBXFileReference; fileEncoding = 4; lastKnownFileType = sourcecode.c.h; path = SSZipArchive.h; sourceTree = "<group>"; };
		5FF7D63A1C80B51B002157DB /* SSZipArchive.m */ = {isa = PBXFileReference; fileEncoding = 4; lastKnownFileType = sourcecode.c.objc; path = SSZipArchive.m; sourceTree = "<group>"; };
		5FF7D63B1C80B51B002157DB /* ZipArchive.h */ = {isa = PBXFileReference; fileEncoding = 4; lastKnownFileType = sourcecode.c.h; path = ZipArchive.h; sourceTree = "<group>"; };
		5FF7D64B1C80B538002157DB /* libz.tbd */ = {isa = PBXFileReference; lastKnownFileType = "sourcecode.text-based-dylib-definition"; name = libz.tbd; path = usr/lib/libz.tbd; sourceTree = SDKROOT; };
		5FF7D64E1C80C800002157DB /* abstractfile.c */ = {isa = PBXFileReference; fileEncoding = 4; lastKnownFileType = sourcecode.c.c; path = abstractfile.c; sourceTree = "<group>"; };
		5FF7D64F1C80C800002157DB /* base64.c */ = {isa = PBXFileReference; fileEncoding = 4; lastKnownFileType = sourcecode.c.c; path = base64.c; sourceTree = "<group>"; };
		5FF7D6501C80C800002157DB /* img2.c */ = {isa = PBXFileReference; fileEncoding = 4; lastKnownFileType = sourcecode.c.c; path = img2.c; sourceTree = "<group>"; };
		5FF7D6511C80C800002157DB /* img3.c */ = {isa = PBXFileReference; fileEncoding = 4; lastKnownFileType = sourcecode.c.c; path = img3.c; sourceTree = "<group>"; };
		5FF7D6531C80C800002157DB /* 8900.h */ = {isa = PBXFileReference; fileEncoding = 4; lastKnownFileType = sourcecode.c.h; path = 8900.h; sourceTree = "<group>"; };
		5FF7D6541C80C800002157DB /* abstractfile.h */ = {isa = PBXFileReference; fileEncoding = 4; lastKnownFileType = sourcecode.c.h; path = abstractfile.h; sourceTree = "<group>"; };
		5FF7D6551C80C800002157DB /* common.h */ = {isa = PBXFileReference; fileEncoding = 4; lastKnownFileType = sourcecode.c.h; path = common.h; sourceTree = "<group>"; };
		5FF7D6561C80C800002157DB /* dmg.h */ = {isa = PBXFileReference; fileEncoding = 4; lastKnownFileType = sourcecode.c.h; path = dmg.h; sourceTree = "<group>"; };
		5FF7D6571C80C800002157DB /* dmgfile.h */ = {isa = PBXFileReference; fileEncoding = 4; lastKnownFileType = sourcecode.c.h; path = dmgfile.h; sourceTree = "<group>"; };
		5FF7D6581C80C800002157DB /* dmglib.h */ = {isa = PBXFileReference; fileEncoding = 4; lastKnownFileType = sourcecode.c.h; path = dmglib.h; sourceTree = "<group>"; };
		5FF7D6591C80C800002157DB /* filevault.h */ = {isa = PBXFileReference; fileEncoding = 4; lastKnownFileType = sourcecode.c.h; path = filevault.h; sourceTree = "<group>"; };
		5FF7D65A1C80C800002157DB /* firmwaremaster.h */ = {isa = PBXFileReference; fileEncoding = 4; lastKnownFileType = sourcecode.c.h; path = firmwaremaster.h; sourceTree = "<group>"; };
		5FF7D65B1C80C800002157DB /* hfscompress.h */ = {isa = PBXFileReference; fileEncoding = 4; lastKnownFileType = sourcecode.c.h; path = hfscompress.h; sourceTree = "<group>"; };
		5FF7D65C1C80C800002157DB /* hfslib.h */ = {isa = PBXFileReference; fileEncoding = 4; lastKnownFileType = sourcecode.c.h; path = hfslib.h; sourceTree = "<group>"; };
		5FF7D65D1C80C800002157DB /* hfsplus.h */ = {isa = PBXFileReference; fileEncoding = 4; lastKnownFileType = sourcecode.c.h; path = hfsplus.h; sourceTree = "<group>"; };
		5FF7D65E1C80C800002157DB /* ibootim.h */ = {isa = PBXFileReference; fileEncoding = 4; lastKnownFileType = sourcecode.c.h; path = ibootim.h; sourceTree = "<group>"; };
		5FF7D65F1C80C800002157DB /* img2.h */ = {isa = PBXFileReference; fileEncoding = 4; lastKnownFileType = sourcecode.c.h; path = img2.h; sourceTree = "<group>"; };
		5FF7D6601C80C800002157DB /* img3.h */ = {isa = PBXFileReference; fileEncoding = 4; lastKnownFileType = sourcecode.c.h; path = img3.h; sourceTree = "<group>"; };
		5FF7D6611C80C800002157DB /* libxpwn.h */ = {isa = PBXFileReference; fileEncoding = 4; lastKnownFileType = sourcecode.c.h; path = libxpwn.h; sourceTree = "<group>"; };
		5FF7D6621C80C800002157DB /* lzss.h */ = {isa = PBXFileReference; fileEncoding = 4; lastKnownFileType = sourcecode.c.h; path = lzss.h; sourceTree = "<group>"; };
		5FF7D6631C80C800002157DB /* lzssfile.h */ = {isa = PBXFileReference; fileEncoding = 4; lastKnownFileType = sourcecode.c.h; path = lzssfile.h; sourceTree = "<group>"; };
		5FF7D6641C80C800002157DB /* nor_files.h */ = {isa = PBXFileReference; fileEncoding = 4; lastKnownFileType = sourcecode.c.h; path = nor_files.h; sourceTree = "<group>"; };
		5FF7D6651C80C800002157DB /* outputstate.h */ = {isa = PBXFileReference; fileEncoding = 4; lastKnownFileType = sourcecode.c.h; path = outputstate.h; sourceTree = "<group>"; };
		5FF7D6661C80C800002157DB /* partial.h */ = {isa = PBXFileReference; fileEncoding = 4; lastKnownFileType = sourcecode.c.h; path = partial.h; sourceTree = "<group>"; };
		5FF7D6671C80C800002157DB /* plist.h */ = {isa = PBXFileReference; fileEncoding = 4; lastKnownFileType = sourcecode.c.h; path = plist.h; sourceTree = "<group>"; };
		5FF7D6681C80C800002157DB /* pwnutil.h */ = {isa = PBXFileReference; fileEncoding = 4; lastKnownFileType = sourcecode.c.h; path = pwnutil.h; sourceTree = "<group>"; };
		5FF7D6691C80C800002157DB /* libxpwn.c */ = {isa = PBXFileReference; fileEncoding = 4; lastKnownFileType = sourcecode.c.c; path = libxpwn.c; sourceTree = "<group>"; };
		5FF7D66B1C80C800002157DB /* lzss.c */ = {isa = PBXFileReference; fileEncoding = 4; lastKnownFileType = sourcecode.c.c; path = lzss.c; sourceTree = "<group>"; };
		5FF7D66C1C80C800002157DB /* lzssfile.c */ = {isa = PBXFileReference; fileEncoding = 4; lastKnownFileType = sourcecode.c.c; path = lzssfile.c; sourceTree = "<group>"; };
		5FF7D66E1C80C800002157DB /* nor_files.c */ = {isa = PBXFileReference; fileEncoding = 4; lastKnownFileType = sourcecode.c.c; path = nor_files.c; sourceTree = "<group>"; };
		5FF7D6701C80C800002157DB /* xpwntool.c */ = {isa = PBXFileReference; fileEncoding = 4; lastKnownFileType = sourcecode.c.c; path = xpwntool.c; sourceTree = "<group>"; };
		5FF7D67D1C80CA98002157DB /* liblzma.tbd */ = {isa = PBXFileReference; lastKnownFileType = "sourcecode.text-based-dylib-definition"; name = liblzma.tbd; path = usr/lib/liblzma.tbd; sourceTree = SDKROOT; };
		5FF7D6801C80D103002157DB /* libcrypto.a */ = {isa = PBXFileReference; lastKnownFileType = archive.ar; path = libcrypto.a; sourceTree = "<group>"; };
		5FF7D6811C80D103002157DB /* libssl.a */ = {isa = PBXFileReference; lastKnownFileType = archive.ar; path = libssl.a; sourceTree = "<group>"; };
		5FF7D6851C80D1A6002157DB /* aes.h */ = {isa = PBXFileReference; lastKnownFileType = sourcecode.c.h; path = aes.h; sourceTree = "<group>"; };
		5FF7D6861C80D1A6002157DB /* asn1.h */ = {isa = PBXFileReference; lastKnownFileType = sourcecode.c.h; path = asn1.h; sourceTree = "<group>"; };
		5FF7D6871C80D1A6002157DB /* asn1_mac.h */ = {isa = PBXFileReference; lastKnownFileType = sourcecode.c.h; path = asn1_mac.h; sourceTree = "<group>"; };
		5FF7D6881C80D1A6002157DB /* asn1t.h */ = {isa = PBXFileReference; lastKnownFileType = sourcecode.c.h; path = asn1t.h; sourceTree = "<group>"; };
		5FF7D6891C80D1A6002157DB /* bio.h */ = {isa = PBXFileReference; lastKnownFileType = sourcecode.c.h; path = bio.h; sourceTree = "<group>"; };
		5FF7D68A1C80D1A6002157DB /* blowfish.h */ = {isa = PBXFileReference; lastKnownFileType = sourcecode.c.h; path = blowfish.h; sourceTree = "<group>"; };
		5FF7D68B1C80D1A6002157DB /* bn.h */ = {isa = PBXFileReference; lastKnownFileType = sourcecode.c.h; path = bn.h; sourceTree = "<group>"; };
		5FF7D68C1C80D1A6002157DB /* buffer.h */ = {isa = PBXFileReference; lastKnownFileType = sourcecode.c.h; path = buffer.h; sourceTree = "<group>"; };
		5FF7D68D1C80D1A6002157DB /* cast.h */ = {isa = PBXFileReference; lastKnownFileType = sourcecode.c.h; path = cast.h; sourceTree = "<group>"; };
		5FF7D68E1C80D1A6002157DB /* comp.h */ = {isa = PBXFileReference; lastKnownFileType = sourcecode.c.h; path = comp.h; sourceTree = "<group>"; };
		5FF7D68F1C80D1A6002157DB /* conf.h */ = {isa = PBXFileReference; lastKnownFileType = sourcecode.c.h; path = conf.h; sourceTree = "<group>"; };
		5FF7D6901C80D1A6002157DB /* conf_api.h */ = {isa = PBXFileReference; lastKnownFileType = sourcecode.c.h; path = conf_api.h; sourceTree = "<group>"; };
		5FF7D6911C80D1A6002157DB /* crypto.h */ = {isa = PBXFileReference; lastKnownFileType = sourcecode.c.h; path = crypto.h; sourceTree = "<group>"; };
		5FF7D6921C80D1A6002157DB /* des.h */ = {isa = PBXFileReference; lastKnownFileType = sourcecode.c.h; path = des.h; sourceTree = "<group>"; };
		5FF7D6931C80D1A6002157DB /* des_old.h */ = {isa = PBXFileReference; lastKnownFileType = sourcecode.c.h; path = des_old.h; sourceTree = "<group>"; };
		5FF7D6941C80D1A6002157DB /* dh.h */ = {isa = PBXFileReference; lastKnownFileType = sourcecode.c.h; path = dh.h; sourceTree = "<group>"; };
		5FF7D6951C80D1A6002157DB /* dsa.h */ = {isa = PBXFileReference; lastKnownFileType = sourcecode.c.h; path = dsa.h; sourceTree = "<group>"; };
		5FF7D6961C80D1A6002157DB /* dso.h */ = {isa = PBXFileReference; lastKnownFileType = sourcecode.c.h; path = dso.h; sourceTree = "<group>"; };
		5FF7D6971C80D1A6002157DB /* dtls1.h */ = {isa = PBXFileReference; lastKnownFileType = sourcecode.c.h; path = dtls1.h; sourceTree = "<group>"; };
		5FF7D6981C80D1A6002157DB /* e_os2.h */ = {isa = PBXFileReference; lastKnownFileType = sourcecode.c.h; path = e_os2.h; sourceTree = "<group>"; };
		5FF7D6991C80D1A6002157DB /* ebcdic.h */ = {isa = PBXFileReference; lastKnownFileType = sourcecode.c.h; path = ebcdic.h; sourceTree = "<group>"; };
		5FF7D69A1C80D1A6002157DB /* ec.h */ = {isa = PBXFileReference; lastKnownFileType = sourcecode.c.h; path = ec.h; sourceTree = "<group>"; };
		5FF7D69B1C80D1A6002157DB /* ecdh.h */ = {isa = PBXFileReference; lastKnownFileType = sourcecode.c.h; path = ecdh.h; sourceTree = "<group>"; };
		5FF7D69C1C80D1A6002157DB /* ecdsa.h */ = {isa = PBXFileReference; lastKnownFileType = sourcecode.c.h; path = ecdsa.h; sourceTree = "<group>"; };
		5FF7D69D1C80D1A6002157DB /* engine.h */ = {isa = PBXFileReference; lastKnownFileType = sourcecode.c.h; path = engine.h; sourceTree = "<group>"; };
		5FF7D69E1C80D1A6002157DB /* err.h */ = {isa = PBXFileReference; lastKnownFileType = sourcecode.c.h; path = err.h; sourceTree = "<group>"; };
		5FF7D69F1C80D1A6002157DB /* evp.h */ = {isa = PBXFileReference; lastKnownFileType = sourcecode.c.h; path = evp.h; sourceTree = "<group>"; };
		5FF7D6A01C80D1A6002157DB /* hmac.h */ = {isa = PBXFileReference; lastKnownFileType = sourcecode.c.h; path = hmac.h; sourceTree = "<group>"; };
		5FF7D6A11C80D1A6002157DB /* idea.h */ = {isa = PBXFileReference; lastKnownFileType = sourcecode.c.h; path = idea.h; sourceTree = "<group>"; };
		5FF7D6A21C80D1A6002157DB /* krb5_asn.h */ = {isa = PBXFileReference; lastKnownFileType = sourcecode.c.h; path = krb5_asn.h; sourceTree = "<group>"; };
		5FF7D6A31C80D1A6002157DB /* kssl.h */ = {isa = PBXFileReference; lastKnownFileType = sourcecode.c.h; path = kssl.h; sourceTree = "<group>"; };
		5FF7D6A41C80D1A6002157DB /* lhash.h */ = {isa = PBXFileReference; lastKnownFileType = sourcecode.c.h; path = lhash.h; sourceTree = "<group>"; };
		5FF7D6A51C80D1A6002157DB /* md2.h */ = {isa = PBXFileReference; lastKnownFileType = sourcecode.c.h; path = md2.h; sourceTree = "<group>"; };
		5FF7D6A61C80D1A6002157DB /* md4.h */ = {isa = PBXFileReference; lastKnownFileType = sourcecode.c.h; path = md4.h; sourceTree = "<group>"; };
		5FF7D6A71C80D1A6002157DB /* md5.h */ = {isa = PBXFileReference; lastKnownFileType = sourcecode.c.h; path = md5.h; sourceTree = "<group>"; };
		5FF7D6A81C80D1A6002157DB /* obj_mac.h */ = {isa = PBXFileReference; lastKnownFileType = sourcecode.c.h; path = obj_mac.h; sourceTree = "<group>"; };
		5FF7D6A91C80D1A6002157DB /* objects.h */ = {isa = PBXFileReference; lastKnownFileType = sourcecode.c.h; path = objects.h; sourceTree = "<group>"; };
		5FF7D6AA1C80D1A6002157DB /* ocsp.h */ = {isa = PBXFileReference; lastKnownFileType = sourcecode.c.h; path = ocsp.h; sourceTree = "<group>"; };
		5FF7D6AB1C80D1A6002157DB /* opensslconf.h */ = {isa = PBXFileReference; lastKnownFileType = sourcecode.c.h; path = opensslconf.h; sourceTree = "<group>"; };
		5FF7D6AC1C80D1A6002157DB /* opensslv.h */ = {isa = PBXFileReference; lastKnownFileType = sourcecode.c.h; path = opensslv.h; sourceTree = "<group>"; };
		5FF7D6AD1C80D1A6002157DB /* ossl_typ.h */ = {isa = PBXFileReference; lastKnownFileType = sourcecode.c.h; path = ossl_typ.h; sourceTree = "<group>"; };
		5FF7D6AE1C80D1A6002157DB /* pem.h */ = {isa = PBXFileReference; lastKnownFileType = sourcecode.c.h; path = pem.h; sourceTree = "<group>"; };
		5FF7D6AF1C80D1A6002157DB /* pem2.h */ = {isa = PBXFileReference; lastKnownFileType = sourcecode.c.h; path = pem2.h; sourceTree = "<group>"; };
		5FF7D6B01C80D1A6002157DB /* pkcs12.h */ = {isa = PBXFileReference; lastKnownFileType = sourcecode.c.h; path = pkcs12.h; sourceTree = "<group>"; };
		5FF7D6B11C80D1A6002157DB /* pkcs7.h */ = {isa = PBXFileReference; lastKnownFileType = sourcecode.c.h; path = pkcs7.h; sourceTree = "<group>"; };
		5FF7D6B21C80D1A6002157DB /* pq_compat.h */ = {isa = PBXFileReference; lastKnownFileType = sourcecode.c.h; path = pq_compat.h; sourceTree = "<group>"; };
		5FF7D6B31C80D1A6002157DB /* pqueue.h */ = {isa = PBXFileReference; lastKnownFileType = sourcecode.c.h; path = pqueue.h; sourceTree = "<group>"; };
		5FF7D6B41C80D1A6002157DB /* rand.h */ = {isa = PBXFileReference; lastKnownFileType = sourcecode.c.h; path = rand.h; sourceTree = "<group>"; };
		5FF7D6B51C80D1A6002157DB /* rc2.h */ = {isa = PBXFileReference; lastKnownFileType = sourcecode.c.h; path = rc2.h; sourceTree = "<group>"; };
		5FF7D6B61C80D1A6002157DB /* rc4.h */ = {isa = PBXFileReference; lastKnownFileType = sourcecode.c.h; path = rc4.h; sourceTree = "<group>"; };
		5FF7D6B71C80D1A6002157DB /* ripemd.h */ = {isa = PBXFileReference; lastKnownFileType = sourcecode.c.h; path = ripemd.h; sourceTree = "<group>"; };
		5FF7D6B81C80D1A6002157DB /* rsa.h */ = {isa = PBXFileReference; lastKnownFileType = sourcecode.c.h; path = rsa.h; sourceTree = "<group>"; };
		5FF7D6B91C80D1A6002157DB /* safestack.h */ = {isa = PBXFileReference; lastKnownFileType = sourcecode.c.h; path = safestack.h; sourceTree = "<group>"; };
		5FF7D6BA1C80D1A6002157DB /* sha.h */ = {isa = PBXFileReference; lastKnownFileType = sourcecode.c.h; path = sha.h; sourceTree = "<group>"; };
		5FF7D6BB1C80D1A6002157DB /* ssl.h */ = {isa = PBXFileReference; lastKnownFileType = sourcecode.c.h; path = ssl.h; sourceTree = "<group>"; };
		5FF7D6BC1C80D1A6002157DB /* ssl2.h */ = {isa = PBXFileReference; lastKnownFileType = sourcecode.c.h; path = ssl2.h; sourceTree = "<group>"; };
		5FF7D6BD1C80D1A6002157DB /* ssl23.h */ = {isa = PBXFileReference; lastKnownFileType = sourcecode.c.h; path = ssl23.h; sourceTree = "<group>"; };
		5FF7D6BE1C80D1A6002157DB /* ssl3.h */ = {isa = PBXFileReference; lastKnownFileType = sourcecode.c.h; path = ssl3.h; sourceTree = "<group>"; };
		5FF7D6BF1C80D1A6002157DB /* stack.h */ = {isa = PBXFileReference; lastKnownFileType = sourcecode.c.h; path = stack.h; sourceTree = "<group>"; };
		5FF7D6C01C80D1A6002157DB /* store.h */ = {isa = PBXFileReference; lastKnownFileType = sourcecode.c.h; path = store.h; sourceTree = "<group>"; };
		5FF7D6C11C80D1A6002157DB /* symhacks.h */ = {isa = PBXFileReference; lastKnownFileType = sourcecode.c.h; path = symhacks.h; sourceTree = "<group>"; };
		5FF7D6C21C80D1A6002157DB /* tls1.h */ = {isa = PBXFileReference; lastKnownFileType = sourcecode.c.h; path = tls1.h; sourceTree = "<group>"; };
		5FF7D6C31C80D1A6002157DB /* tmdiff.h */ = {isa = PBXFileReference; lastKnownFileType = sourcecode.c.h; path = tmdiff.h; sourceTree = "<group>"; };
		5FF7D6C41C80D1A6002157DB /* txt_db.h */ = {isa = PBXFileReference; lastKnownFileType = sourcecode.c.h; path = txt_db.h; sourceTree = "<group>"; };
		5FF7D6C51C80D1A6002157DB /* ui.h */ = {isa = PBXFileReference; lastKnownFileType = sourcecode.c.h; path = ui.h; sourceTree = "<group>"; };
		5FF7D6C61C80D1A6002157DB /* ui_compat.h */ = {isa = PBXFileReference; lastKnownFileType = sourcecode.c.h; path = ui_compat.h; sourceTree = "<group>"; };
		5FF7D6C71C80D1A6002157DB /* x509.h */ = {isa = PBXFileReference; lastKnownFileType = sourcecode.c.h; path = x509.h; sourceTree = "<group>"; };
		5FF7D6C81C80D1A6002157DB /* x509_vfy.h */ = {isa = PBXFileReference; lastKnownFileType = sourcecode.c.h; path = x509_vfy.h; sourceTree = "<group>"; };
		5FF7D6C91C80D1A6002157DB /* x509v3.h */ = {isa = PBXFileReference; lastKnownFileType = sourcecode.c.h; path = x509v3.h; sourceTree = "<group>"; };
		5FF7D6CA1C80D4CF002157DB /* CBImageDecrypter.h */ = {isa = PBXFileReference; fileEncoding = 4; lastKnownFileType = sourcecode.c.h; path = CBImageDecrypter.h; sourceTree = "<group>"; };
		5FF7D6CB1C80D4CF002157DB /* CBImageDecrypter.m */ = {isa = PBXFileReference; fileEncoding = 4; lastKnownFileType = sourcecode.c.objc; path = CBImageDecrypter.m; sourceTree = "<group>"; };
		5FF7D6CF1C80EB9D002157DB /* bspatch.h */ = {isa = PBXFileReference; fileEncoding = 4; lastKnownFileType = sourcecode.c.h; path = bspatch.h; sourceTree = "<group>"; };
		5FF7D6D11C80EFA5002157DB /* CBImagePatcher.h */ = {isa = PBXFileReference; fileEncoding = 4; lastKnownFileType = sourcecode.c.h; path = CBImagePatcher.h; sourceTree = "<group>"; };
		5FF7D6D21C80EFA5002157DB /* CBImagePatcher.m */ = {isa = PBXFileReference; fileEncoding = 4; lastKnownFileType = sourcecode.c.objc; path = CBImagePatcher.m; sourceTree = "<group>"; };
		5FF7D6D41C810E38002157DB /* libbz2.tbd */ = {isa = PBXFileReference; lastKnownFileType = "sourcecode.text-based-dylib-definition"; name = libbz2.tbd; path = usr/lib/libbz2.tbd; sourceTree = SDKROOT; };
		5FF7D6D61C810E51002157DB /* libbz2.1.0.tbd */ = {isa = PBXFileReference; lastKnownFileType = "sourcecode.text-based-dylib-definition"; name = libbz2.1.0.tbd; path = usr/lib/libbz2.1.0.tbd; sourceTree = SDKROOT; };
		5FF7D6D91C8148B5002157DB /* checksum.c */ = {isa = PBXFileReference; fileEncoding = 4; lastKnownFileType = sourcecode.c.c; path = checksum.c; sourceTree = "<group>"; };
		5FF7D6DA1C8148B5002157DB /* CMakeLists.txt */ = {isa = PBXFileReference; fileEncoding = 4; lastKnownFileType = text; path = CMakeLists.txt; sourceTree = "<group>"; };
		5FF7D6DB1C8148B5002157DB /* dmg.c */ = {isa = PBXFileReference; fileEncoding = 4; lastKnownFileType = sourcecode.c.c; path = dmg.c; sourceTree = "<group>"; };
		5FF7D6DC1C8148B5002157DB /* dmg.h */ = {isa = PBXFileReference; fileEncoding = 4; lastKnownFileType = sourcecode.c.h; path = dmg.h; sourceTree = "<group>"; };
		5FF7D6DD1C8148B5002157DB /* dmgfile.c */ = {isa = PBXFileReference; fileEncoding = 4; lastKnownFileType = sourcecode.c.c; path = dmgfile.c; sourceTree = "<group>"; };
		5FF7D6DE1C8148B5002157DB /* dmgfile.h */ = {isa = PBXFileReference; fileEncoding = 4; lastKnownFileType = sourcecode.c.h; path = dmgfile.h; sourceTree = "<group>"; };
		5FF7D6DF1C8148B5002157DB /* dmglib.c */ = {isa = PBXFileReference; fileEncoding = 4; lastKnownFileType = sourcecode.c.c; path = dmglib.c; sourceTree = "<group>"; };
		5FF7D6E01C8148B5002157DB /* dmglib.h */ = {isa = PBXFileReference; fileEncoding = 4; lastKnownFileType = sourcecode.c.h; path = dmglib.h; sourceTree = "<group>"; };
		5FF7D6E11C8148B5002157DB /* filevault.c */ = {isa = PBXFileReference; fileEncoding = 4; lastKnownFileType = sourcecode.c.c; path = filevault.c; sourceTree = "<group>"; };
		5FF7D6E21C8148B5002157DB /* filevault.h */ = {isa = PBXFileReference; fileEncoding = 4; lastKnownFileType = sourcecode.c.h; path = filevault.h; sourceTree = "<group>"; };
		5FF7D6E31C8148B5002157DB /* io.c */ = {isa = PBXFileReference; fileEncoding = 4; lastKnownFileType = sourcecode.c.c; path = io.c; sourceTree = "<group>"; };
		5FF7D6E41C8148B5002157DB /* partition.c */ = {isa = PBXFileReference; fileEncoding = 4; lastKnownFileType = sourcecode.c.c; path = partition.c; sourceTree = "<group>"; };
		5FF7D6E51C8148B5002157DB /* resources.c */ = {isa = PBXFileReference; fileEncoding = 4; lastKnownFileType = sourcecode.c.c; path = resources.c; sourceTree = "<group>"; };
		5FF7D6E61C8148B5002157DB /* udif.c */ = {isa = PBXFileReference; fileEncoding = 4; lastKnownFileType = sourcecode.c.c; path = udif.c; sourceTree = "<group>"; };
		5FF7D6F41C8149E6002157DB /* btree.c */ = {isa = PBXFileReference; fileEncoding = 4; lastKnownFileType = sourcecode.c.c; path = btree.c; sourceTree = "<group>"; };
		5FF7D6F51C8149E6002157DB /* catalog.c */ = {isa = PBXFileReference; fileEncoding = 4; lastKnownFileType = sourcecode.c.c; path = catalog.c; sourceTree = "<group>"; };
		5FF7D6F61C8149E6002157DB /* CMakeLists.txt */ = {isa = PBXFileReference; fileEncoding = 4; lastKnownFileType = text; path = CMakeLists.txt; sourceTree = "<group>"; };
		5FF7D6F71C8149E6002157DB /* extents.c */ = {isa = PBXFileReference; fileEncoding = 4; lastKnownFileType = sourcecode.c.c; path = extents.c; sourceTree = "<group>"; };
		5FF7D6F81C8149E6002157DB /* fastunicodecompare.c */ = {isa = PBXFileReference; fileEncoding = 4; lastKnownFileType = sourcecode.c.c; path = fastunicodecompare.c; sourceTree = "<group>"; };
		5FF7D6F91C8149E6002157DB /* flatfile.c */ = {isa = PBXFileReference; fileEncoding = 4; lastKnownFileType = sourcecode.c.c; path = flatfile.c; sourceTree = "<group>"; };
		5FF7D6FA1C8149E6002157DB /* hfs.c */ = {isa = PBXFileReference; fileEncoding = 4; lastKnownFileType = sourcecode.c.c; path = hfs.c; sourceTree = "<group>"; };
		5FF7D6FB1C8149E6002157DB /* hfscompress.c */ = {isa = PBXFileReference; fileEncoding = 4; lastKnownFileType = sourcecode.c.c; path = hfscompress.c; sourceTree = "<group>"; };
		5FF7D6FC1C8149E6002157DB /* hfscompress.h */ = {isa = PBXFileReference; fileEncoding = 4; lastKnownFileType = sourcecode.c.h; path = hfscompress.h; sourceTree = "<group>"; };
		5FF7D6FD1C8149E6002157DB /* hfslib.c */ = {isa = PBXFileReference; fileEncoding = 4; lastKnownFileType = sourcecode.c.c; path = hfslib.c; sourceTree = "<group>"; };
		5FF7D6FE1C8149E6002157DB /* hfslib.h */ = {isa = PBXFileReference; fileEncoding = 4; lastKnownFileType = sourcecode.c.h; path = hfslib.h; sourceTree = "<group>"; };
		5FF7D6FF1C8149E6002157DB /* hfsplus.h */ = {isa = PBXFileReference; fileEncoding = 4; lastKnownFileType = sourcecode.c.h; path = hfsplus.h; sourceTree = "<group>"; };
		5FF7D7001C8149E6002157DB /* rawfile.c */ = {isa = PBXFileReference; fileEncoding = 4; lastKnownFileType = sourcecode.c.c; path = rawfile.c; sourceTree = "<group>"; };
		5FF7D7011C8149E6002157DB /* utility.c */ = {isa = PBXFileReference; fileEncoding = 4; lastKnownFileType = sourcecode.c.c; path = utility.c; sourceTree = "<group>"; };
		5FF7D7021C8149E6002157DB /* volume.c */ = {isa = PBXFileReference; fileEncoding = 4; lastKnownFileType = sourcecode.c.c; path = volume.c; sourceTree = "<group>"; };
		5FF7D7031C8149E6002157DB /* xattr.c */ = {isa = PBXFileReference; fileEncoding = 4; lastKnownFileType = sourcecode.c.c; path = xattr.c; sourceTree = "<group>"; };
/* End PBXFileReference section */

/* Begin PBXFrameworksBuildPhase section */
		5FF7D5B81C80A75A002157DB /* Frameworks */ = {
			isa = PBXFrameworksBuildPhase;
			buildActionMask = 2147483647;
			files = (
				5FF7D6D71C810E51002157DB /* libbz2.1.0.tbd in Frameworks */,
				5FF7D6831C80D103002157DB /* libssl.a in Frameworks */,
				5FF7D67E1C80CA98002157DB /* liblzma.tbd in Frameworks */,
				5FF7D64C1C80B538002157DB /* libz.tbd in Frameworks */,
				5FF7D6821C80D103002157DB /* libcrypto.a in Frameworks */,
			);
			runOnlyForDeploymentPostprocessing = 0;
		};
/* End PBXFrameworksBuildPhase section */

/* Begin PBXGroup section */
		5FF7D5B21C80A75A002157DB = {
			isa = PBXGroup;
			children = (
				5FF7D6D61C810E51002157DB /* libbz2.1.0.tbd */,
				5FF7D6D41C810E38002157DB /* libbz2.tbd */,
				5FF7D67D1C80CA98002157DB /* liblzma.tbd */,
				5FF7D64B1C80B538002157DB /* libz.tbd */,
				5FF7D5BD1C80A75A002157DB /* coolbooter */,
				5FF7D5BC1C80A75A002157DB /* Products */,
			);
			sourceTree = "<group>";
		};
		5FF7D5BC1C80A75A002157DB /* Products */ = {
			isa = PBXGroup;
			children = (
				5FF7D5BB1C80A75A002157DB /* coolbooter.app */,
			);
			name = Products;
			sourceTree = "<group>";
		};
		5FF7D5BD1C80A75A002157DB /* coolbooter */ = {
			isa = PBXGroup;
			children = (
				5FF7D6D81C8148B5002157DB /* dmg */,
				5FF7D67F1C80D103002157DB /* libssl */,
				5FF7D6CD1C80EB9D002157DB /* bspatch */,
				5FF7D64D1C80C800002157DB /* xpwn */,
				5FF7D6161C80B51B002157DB /* SSZipArchive */,
				5FF7D5F51C80A99C002157DB /* AFNetworking */,
				5FF7D5D51C80A782002157DB /* CBAppDelegate.h */,
				5FF7D5D61C80A782002157DB /* CBAppDelegate.m */,
				5FF7D5DB1C80A782002157DB /* CBMainViewController.h */,
				5FF7D5DC1C80A782002157DB /* CBMainViewController.m */,
				5FF7D6121C80AFA2002157DB /* Objects */,
				5FF7D5CA1C80A75A002157DB /* Assets.xcassets */,
				5FF7D5CC1C80A75A002157DB /* LaunchScreen.storyboard */,
				5FF7D5CF1C80A75A002157DB /* Info.plist */,
				5FF7D5BE1C80A75A002157DB /* Supporting Files */,
			);
			path = coolbooter;
			sourceTree = "<group>";
		};
		5FF7D5BE1C80A75A002157DB /* Supporting Files */ = {
			isa = PBXGroup;
			children = (
				5FF7D5BF1C80A75A002157DB /* main.m */,
			);
			name = "Supporting Files";
			sourceTree = "<group>";
		};
		5FF7D5F51C80A99C002157DB /* AFNetworking */ = {
			isa = PBXGroup;
			children = (
				5FF7D5F61C80A99C002157DB /* AFHTTPRequestOperation.h */,
				5FF7D5F71C80A99C002157DB /* AFHTTPRequestOperation.m */,
				5FF7D5F81C80A99C002157DB /* AFHTTPRequestOperationManager.h */,
				5FF7D5F91C80A99C002157DB /* AFHTTPRequestOperationManager.m */,
				5FF7D5FA1C80A99C002157DB /* AFHTTPSessionManager.h */,
				5FF7D5FB1C80A99C002157DB /* AFHTTPSessionManager.m */,
				5FF7D5FC1C80A99C002157DB /* AFNetworking.h */,
				5FF7D5FD1C80A99C002157DB /* AFNetworkReachabilityManager.h */,
				5FF7D5FE1C80A99C002157DB /* AFNetworkReachabilityManager.m */,
				5FF7D5FF1C80A99C002157DB /* AFSecurityPolicy.h */,
				5FF7D6001C80A99C002157DB /* AFSecurityPolicy.m */,
				5FF7D6011C80A99C002157DB /* AFURLConnectionOperation.h */,
				5FF7D6021C80A99C002157DB /* AFURLConnectionOperation.m */,
				5FF7D6031C80A99C002157DB /* AFURLRequestSerialization.h */,
				5FF7D6041C80A99C002157DB /* AFURLRequestSerialization.m */,
				5FF7D6051C80A99C002157DB /* AFURLResponseSerialization.h */,
				5FF7D6061C80A99C002157DB /* AFURLResponseSerialization.m */,
				5FF7D6071C80A99C002157DB /* AFURLSessionManager.h */,
				5FF7D6081C80A99C002157DB /* AFURLSessionManager.m */,
			);
			path = AFNetworking;
			sourceTree = "<group>";
		};
		5FF7D6121C80AFA2002157DB /* Objects */ = {
			isa = PBXGroup;
			children = (
				5FF7D5D71C80A782002157DB /* CBDeviceInfo.h */,
				5FF7D5D81C80A782002157DB /* CBDeviceInfo.m */,
				5FF7D5D91C80A782002157DB /* CBFirmwareDownloader.h */,
				5FF7D5DA1C80A782002157DB /* CBFirmwareDownloader.m */,
				5FF7D6CA1C80D4CF002157DB /* CBImageDecrypter.h */,
				5FF7D6CB1C80D4CF002157DB /* CBImageDecrypter.m */,
				5FF7D6D11C80EFA5002157DB /* CBImagePatcher.h */,
				5FF7D6D21C80EFA5002157DB /* CBImagePatcher.m */,
			);
			name = Objects;
			sourceTree = "<group>";
		};
		5FF7D6161C80B51B002157DB /* SSZipArchive */ = {
			isa = PBXGroup;
			children = (
				5FF7D6171C80B51B002157DB /* aes */,
				5FF7D62D1C80B51B002157DB /* Common.h */,
				5FF7D62E1C80B51B002157DB /* Info.plist */,
				5FF7D62F1C80B51B002157DB /* minizip */,
				5FF7D6391C80B51B002157DB /* SSZipArchive.h */,
				5FF7D63A1C80B51B002157DB /* SSZipArchive.m */,
				5FF7D63B1C80B51B002157DB /* ZipArchive.h */,
			);
			path = SSZipArchive;
			sourceTree = "<group>";
		};
		5FF7D6171C80B51B002157DB /* aes */ = {
			isa = PBXGroup;
			children = (
				5FF7D6181C80B51B002157DB /* aes.h */,
				5FF7D6191C80B51B002157DB /* aes_via_ace.h */,
				5FF7D61A1C80B51B002157DB /* aescrypt.c */,
				5FF7D61B1C80B51B002157DB /* aeskey.c */,
				5FF7D61C1C80B51B002157DB /* aesopt.h */,
				5FF7D61D1C80B51B002157DB /* aestab.c */,
				5FF7D61E1C80B51B002157DB /* aestab.h */,
				5FF7D61F1C80B51B002157DB /* brg_endian.h */,
				5FF7D6201C80B51B002157DB /* brg_types.h */,
				5FF7D6211C80B51B002157DB /* entropy.c */,
				5FF7D6221C80B51B002157DB /* entropy.h */,
				5FF7D6231C80B51B002157DB /* fileenc.c */,
				5FF7D6241C80B51B002157DB /* fileenc.h */,
				5FF7D6251C80B51B002157DB /* hmac.c */,
				5FF7D6261C80B51B002157DB /* hmac.h */,
				5FF7D6271C80B51B002157DB /* prng.c */,
				5FF7D6281C80B51B002157DB /* prng.h */,
				5FF7D6291C80B51B002157DB /* pwd2key.c */,
				5FF7D62A1C80B51B002157DB /* pwd2key.h */,
				5FF7D62B1C80B51B002157DB /* sha1.c */,
				5FF7D62C1C80B51B002157DB /* sha1.h */,
			);
			path = aes;
			sourceTree = "<group>";
		};
		5FF7D62F1C80B51B002157DB /* minizip */ = {
			isa = PBXGroup;
			children = (
				5FF7D6301C80B51B002157DB /* crypt.h */,
				5FF7D6311C80B51B002157DB /* ioapi.c */,
				5FF7D6321C80B51B002157DB /* ioapi.h */,
				5FF7D6331C80B51B002157DB /* mztools.c */,
				5FF7D6341C80B51B002157DB /* mztools.h */,
				5FF7D6351C80B51B002157DB /* unzip.c */,
				5FF7D6361C80B51B002157DB /* unzip.h */,
				5FF7D6371C80B51B002157DB /* zip.c */,
				5FF7D6381C80B51B002157DB /* zip.h */,
			);
			path = minizip;
			sourceTree = "<group>";
		};
		5FF7D64D1C80C800002157DB /* xpwn */ = {
			isa = PBXGroup;
			children = (
				5FF7D64E1C80C800002157DB /* abstractfile.c */,
				5FF7D64F1C80C800002157DB /* base64.c */,
				5FF7D6501C80C800002157DB /* img2.c */,
				5FF7D6511C80C800002157DB /* img3.c */,
				5FF7D6521C80C800002157DB /* includes */,
				5FF7D6691C80C800002157DB /* libxpwn.c */,
				5FF7D66B1C80C800002157DB /* lzss.c */,
				5FF7D66C1C80C800002157DB /* lzssfile.c */,
				5FF7D66E1C80C800002157DB /* nor_files.c */,
				5FF7D6701C80C800002157DB /* xpwntool.c */,
			);
			path = xpwn;
			sourceTree = "<group>";
		};
		5FF7D6521C80C800002157DB /* includes */ = {
			isa = PBXGroup;
			children = (
				5FF7D6531C80C800002157DB /* 8900.h */,
				5FF7D6541C80C800002157DB /* abstractfile.h */,
				5FF7D6551C80C800002157DB /* common.h */,
				5FF7D6561C80C800002157DB /* dmg.h */,
				5FF7D6571C80C800002157DB /* dmgfile.h */,
				5FF7D6581C80C800002157DB /* dmglib.h */,
				5FF7D6591C80C800002157DB /* filevault.h */,
				5FF7D65A1C80C800002157DB /* firmwaremaster.h */,
				5FF7D65B1C80C800002157DB /* hfscompress.h */,
				5FF7D65C1C80C800002157DB /* hfslib.h */,
				5FF7D65D1C80C800002157DB /* hfsplus.h */,
				5FF7D65E1C80C800002157DB /* ibootim.h */,
				5FF7D65F1C80C800002157DB /* img2.h */,
				5FF7D6601C80C800002157DB /* img3.h */,
				5FF7D6611C80C800002157DB /* libxpwn.h */,
				5FF7D6621C80C800002157DB /* lzss.h */,
				5FF7D6631C80C800002157DB /* lzssfile.h */,
				5FF7D6641C80C800002157DB /* nor_files.h */,
				5FF7D6651C80C800002157DB /* outputstate.h */,
				5FF7D6661C80C800002157DB /* partial.h */,
				5FF7D6671C80C800002157DB /* plist.h */,
				5FF7D6681C80C800002157DB /* pwnutil.h */,
			);
			path = includes;
			sourceTree = "<group>";
		};
		5FF7D67F1C80D103002157DB /* libssl */ = {
			isa = PBXGroup;
			children = (
				5FF7D6841C80D1A6002157DB /* openssl */,
				5FF7D6801C80D103002157DB /* libcrypto.a */,
				5FF7D6811C80D103002157DB /* libssl.a */,
			);
			path = libssl;
			sourceTree = "<group>";
		};
		5FF7D6841C80D1A6002157DB /* openssl */ = {
			isa = PBXGroup;
			children = (
				5FF7D6851C80D1A6002157DB /* aes.h */,
				5FF7D6861C80D1A6002157DB /* asn1.h */,
				5FF7D6871C80D1A6002157DB /* asn1_mac.h */,
				5FF7D6881C80D1A6002157DB /* asn1t.h */,
				5FF7D6891C80D1A6002157DB /* bio.h */,
				5FF7D68A1C80D1A6002157DB /* blowfish.h */,
				5FF7D68B1C80D1A6002157DB /* bn.h */,
				5FF7D68C1C80D1A6002157DB /* buffer.h */,
				5FF7D68D1C80D1A6002157DB /* cast.h */,
				5FF7D68E1C80D1A6002157DB /* comp.h */,
				5FF7D68F1C80D1A6002157DB /* conf.h */,
				5FF7D6901C80D1A6002157DB /* conf_api.h */,
				5FF7D6911C80D1A6002157DB /* crypto.h */,
				5FF7D6921C80D1A6002157DB /* des.h */,
				5FF7D6931C80D1A6002157DB /* des_old.h */,
				5FF7D6941C80D1A6002157DB /* dh.h */,
				5FF7D6951C80D1A6002157DB /* dsa.h */,
				5FF7D6961C80D1A6002157DB /* dso.h */,
				5FF7D6971C80D1A6002157DB /* dtls1.h */,
				5FF7D6981C80D1A6002157DB /* e_os2.h */,
				5FF7D6991C80D1A6002157DB /* ebcdic.h */,
				5FF7D69A1C80D1A6002157DB /* ec.h */,
				5FF7D69B1C80D1A6002157DB /* ecdh.h */,
				5FF7D69C1C80D1A6002157DB /* ecdsa.h */,
				5FF7D69D1C80D1A6002157DB /* engine.h */,
				5FF7D69E1C80D1A6002157DB /* err.h */,
				5FF7D69F1C80D1A6002157DB /* evp.h */,
				5FF7D6A01C80D1A6002157DB /* hmac.h */,
				5FF7D6A11C80D1A6002157DB /* idea.h */,
				5FF7D6A21C80D1A6002157DB /* krb5_asn.h */,
				5FF7D6A31C80D1A6002157DB /* kssl.h */,
				5FF7D6A41C80D1A6002157DB /* lhash.h */,
				5FF7D6A51C80D1A6002157DB /* md2.h */,
				5FF7D6A61C80D1A6002157DB /* md4.h */,
				5FF7D6A71C80D1A6002157DB /* md5.h */,
				5FF7D6A81C80D1A6002157DB /* obj_mac.h */,
				5FF7D6A91C80D1A6002157DB /* objects.h */,
				5FF7D6AA1C80D1A6002157DB /* ocsp.h */,
				5FF7D6AB1C80D1A6002157DB /* opensslconf.h */,
				5FF7D6AC1C80D1A6002157DB /* opensslv.h */,
				5FF7D6AD1C80D1A6002157DB /* ossl_typ.h */,
				5FF7D6AE1C80D1A6002157DB /* pem.h */,
				5FF7D6AF1C80D1A6002157DB /* pem2.h */,
				5FF7D6B01C80D1A6002157DB /* pkcs12.h */,
				5FF7D6B11C80D1A6002157DB /* pkcs7.h */,
				5FF7D6B21C80D1A6002157DB /* pq_compat.h */,
				5FF7D6B31C80D1A6002157DB /* pqueue.h */,
				5FF7D6B41C80D1A6002157DB /* rand.h */,
				5FF7D6B51C80D1A6002157DB /* rc2.h */,
				5FF7D6B61C80D1A6002157DB /* rc4.h */,
				5FF7D6B71C80D1A6002157DB /* ripemd.h */,
				5FF7D6B81C80D1A6002157DB /* rsa.h */,
				5FF7D6B91C80D1A6002157DB /* safestack.h */,
				5FF7D6BA1C80D1A6002157DB /* sha.h */,
				5FF7D6BB1C80D1A6002157DB /* ssl.h */,
				5FF7D6BC1C80D1A6002157DB /* ssl2.h */,
				5FF7D6BD1C80D1A6002157DB /* ssl23.h */,
				5FF7D6BE1C80D1A6002157DB /* ssl3.h */,
				5FF7D6BF1C80D1A6002157DB /* stack.h */,
				5FF7D6C01C80D1A6002157DB /* store.h */,
				5FF7D6C11C80D1A6002157DB /* symhacks.h */,
				5FF7D6C21C80D1A6002157DB /* tls1.h */,
				5FF7D6C31C80D1A6002157DB /* tmdiff.h */,
				5FF7D6C41C80D1A6002157DB /* txt_db.h */,
				5FF7D6C51C80D1A6002157DB /* ui.h */,
				5FF7D6C61C80D1A6002157DB /* ui_compat.h */,
				5FF7D6C71C80D1A6002157DB /* x509.h */,
				5FF7D6C81C80D1A6002157DB /* x509_vfy.h */,
				5FF7D6C91C80D1A6002157DB /* x509v3.h */,
			);
			path = openssl;
			sourceTree = "<group>";
		};
		5FF7D6CD1C80EB9D002157DB /* bspatch */ = {
			isa = PBXGroup;
			children = (
				5FF7D6CF1C80EB9D002157DB /* bspatch.h */,
			);
			path = bspatch;
			sourceTree = "<group>";
		};
		5FF7D6D81C8148B5002157DB /* dmg */ = {
			isa = PBXGroup;
			children = (
				5FF7D6F31C8149E6002157DB /* hfs */,
				5FF7D6D91C8148B5002157DB /* checksum.c */,
				5FF7D6DA1C8148B5002157DB /* CMakeLists.txt */,
				5FF7D6DB1C8148B5002157DB /* dmg.c */,
				5FF7D6DC1C8148B5002157DB /* dmg.h */,
				5FF7D6DD1C8148B5002157DB /* dmgfile.c */,
				5FF7D6DE1C8148B5002157DB /* dmgfile.h */,
				5FF7D6DF1C8148B5002157DB /* dmglib.c */,
				5FF7D6E01C8148B5002157DB /* dmglib.h */,
				5FF7D6E11C8148B5002157DB /* filevault.c */,
				5FF7D6E21C8148B5002157DB /* filevault.h */,
				5FF7D6E31C8148B5002157DB /* io.c */,
				5FF7D6E41C8148B5002157DB /* partition.c */,
				5FF7D6E51C8148B5002157DB /* resources.c */,
				5FF7D6E61C8148B5002157DB /* udif.c */,
			);
			path = dmg;
			sourceTree = "<group>";
		};
		5FF7D6F31C8149E6002157DB /* hfs */ = {
			isa = PBXGroup;
			children = (
				5FF7D6F41C8149E6002157DB /* btree.c */,
				5FF7D6F51C8149E6002157DB /* catalog.c */,
				5FF7D6F61C8149E6002157DB /* CMakeLists.txt */,
				5FF7D6F71C8149E6002157DB /* extents.c */,
				5FF7D6F81C8149E6002157DB /* fastunicodecompare.c */,
				5FF7D6F91C8149E6002157DB /* flatfile.c */,
				5FF7D6FA1C8149E6002157DB /* hfs.c */,
				5FF7D6FB1C8149E6002157DB /* hfscompress.c */,
				5FF7D6FC1C8149E6002157DB /* hfscompress.h */,
				5FF7D6FD1C8149E6002157DB /* hfslib.c */,
				5FF7D6FE1C8149E6002157DB /* hfslib.h */,
				5FF7D6FF1C8149E6002157DB /* hfsplus.h */,
				5FF7D7001C8149E6002157DB /* rawfile.c */,
				5FF7D7011C8149E6002157DB /* utility.c */,
				5FF7D7021C8149E6002157DB /* volume.c */,
				5FF7D7031C8149E6002157DB /* xattr.c */,
			);
			path = hfs;
			sourceTree = "<group>";
		};
/* End PBXGroup section */

/* Begin PBXNativeTarget section */
		5FF7D5BA1C80A75A002157DB /* coolbooter */ = {
			isa = PBXNativeTarget;
			buildConfigurationList = 5FF7D5D21C80A75A002157DB /* Build configuration list for PBXNativeTarget "coolbooter" */;
			buildPhases = (
				5FF7D5B71C80A75A002157DB /* Sources */,
				5FF7D5B81C80A75A002157DB /* Frameworks */,
				5FF7D5B91C80A75A002157DB /* Resources */,
			);
			buildRules = (
			);
			dependencies = (
			);
			name = coolbooter;
			productName = coolbooter;
			productReference = 5FF7D5BB1C80A75A002157DB /* coolbooter.app */;
			productType = "com.apple.product-type.application";
		};
/* End PBXNativeTarget section */

/* Begin PBXProject section */
		5FF7D5B31C80A75A002157DB /* Project object */ = {
			isa = PBXProject;
			attributes = {
				LastUpgradeCheck = 0720;
				ORGANIZATIONNAME = "Ethan Arbuckle";
				TargetAttributes = {
					5FF7D5BA1C80A75A002157DB = {
						CreatedOnToolsVersion = 7.2.1;
						DevelopmentTeam = BDRBB4CT97;
					};
				};
			};
			buildConfigurationList = 5FF7D5B61C80A75A002157DB /* Build configuration list for PBXProject "coolbooter" */;
			compatibilityVersion = "Xcode 3.2";
			developmentRegion = English;
			hasScannedForEncodings = 0;
			knownRegions = (
				en,
				Base,
			);
			mainGroup = 5FF7D5B21C80A75A002157DB;
			productRefGroup = 5FF7D5BC1C80A75A002157DB /* Products */;
			projectDirPath = "";
			projectRoot = "";
			targets = (
				5FF7D5BA1C80A75A002157DB /* coolbooter */,
			);
		};
/* End PBXProject section */

/* Begin PBXResourcesBuildPhase section */
		5FF7D5B91C80A75A002157DB /* Resources */ = {
			isa = PBXResourcesBuildPhase;
			buildActionMask = 2147483647;
			files = (
				5FF7D6E91C8148B5002157DB /* CMakeLists.txt in Resources */,
				5FF7D5CE1C80A75A002157DB /* LaunchScreen.storyboard in Resources */,
				5FF7D5CB1C80A75A002157DB /* Assets.xcassets in Resources */,
				5FF7D6451C80B51B002157DB /* Info.plist in Resources */,
				5FF7D7061C8149E6002157DB /* CMakeLists.txt in Resources */,
			);
			runOnlyForDeploymentPostprocessing = 0;
		};
/* End PBXResourcesBuildPhase section */

/* Begin PBXSourcesBuildPhase section */
		5FF7D5B71C80A75A002157DB /* Sources */ = {
			isa = PBXSourcesBuildPhase;
			buildActionMask = 2147483647;
			files = (
				5FF7D6411C80B51B002157DB /* hmac.c in Sources */,
				5FF7D60E1C80A99C002157DB /* AFURLConnectionOperation.m in Sources */,
				5FF7D6F01C8148B5002157DB /* resources.c in Sources */,
				5FF7D6EC1C8148B5002157DB /* dmglib.c in Sources */,
				5FF7D6751C80C800002157DB /* libxpwn.c in Sources */,
				5FF7D6401C80B51B002157DB /* fileenc.c in Sources */,
				5FF7D6EB1C8148B5002157DB /* dmgfile.c in Sources */,
				5FF7D67A1C80C800002157DB /* nor_files.c in Sources */,
				5FF7D6091C80A99C002157DB /* AFHTTPRequestOperation.m in Sources */,
				5FF7D70C1C8149E6002157DB /* hfslib.c in Sources */,
				5FF7D7071C8149E6002157DB /* extents.c in Sources */,
				5FF7D6EA1C8148B5002157DB /* dmg.c in Sources */,
				5FF7D6481C80B51B002157DB /* unzip.c in Sources */,
				5FF7D60C1C80A99C002157DB /* AFNetworkReachabilityManager.m in Sources */,
				5FF7D6111C80A99C002157DB /* AFURLSessionManager.m in Sources */,
				5FF7D67C1C80C800002157DB /* xpwntool.c in Sources */,
				5FF7D6D31C80EFA5002157DB /* CBImagePatcher.m in Sources */,
				5FF7D6F11C8148B5002157DB /* udif.c in Sources */,
				5FF7D6741C80C800002157DB /* img3.c in Sources */,
				5FF7D60F1C80A99C002157DB /* AFURLRequestSerialization.m in Sources */,
				5FF7D63F1C80B51B002157DB /* entropy.c in Sources */,
				5FF7D70E1C8149E6002157DB /* utility.c in Sources */,
				5FF7D70D1C8149E6002157DB /* rawfile.c in Sources */,
				5FF7D5E01C80A782002157DB /* CBMainViewController.m in Sources */,
				5FF7D6721C80C800002157DB /* base64.c in Sources */,
				5FF7D6471C80B51B002157DB /* mztools.c in Sources */,
				5FF7D6101C80A99C002157DB /* AFURLResponseSerialization.m in Sources */,
				5FF7D6771C80C800002157DB /* lzss.c in Sources */,
				5FF7D64A1C80B51B002157DB /* SSZipArchive.m in Sources */,
				5FF7D6491C80B51B002157DB /* zip.c in Sources */,
				5FF7D6ED1C8148B5002157DB /* filevault.c in Sources */,
				5FF7D7081C8149E6002157DB /* fastunicodecompare.c in Sources */,
				5FF7D7091C8149E6002157DB /* flatfile.c in Sources */,
				5FF7D6EE1C8148B5002157DB /* io.c in Sources */,
				5FF7D5C01C80A75A002157DB /* main.m in Sources */,
				5FF7D70A1C8149E6002157DB /* hfs.c in Sources */,
				5FF7D70F1C8149E6002157DB /* volume.c in Sources */,
				5FF7D63E1C80B51B002157DB /* aestab.c in Sources */,
				5FF7D6711C80C800002157DB /* abstractfile.c in Sources */,
				5FF7D6731C80C800002157DB /* img2.c in Sources */,
				5FF7D6431C80B51B002157DB /* pwd2key.c in Sources */,
				5FF7D7041C8149E6002157DB /* btree.c in Sources */,
				5FF7D6CC1C80D4CF002157DB /* CBImageDecrypter.m in Sources */,
				5FF7D6421C80B51B002157DB /* prng.c in Sources */,
				5FF7D5DD1C80A782002157DB /* CBAppDelegate.m in Sources */,
				5FF7D60A1C80A99C002157DB /* AFHTTPRequestOperationManager.m in Sources */,
				5FF7D6E81C8148B5002157DB /* checksum.c in Sources */,
				5FF7D7101C8149E6002157DB /* xattr.c in Sources */,
				5FF7D60D1C80A99C002157DB /* AFSecurityPolicy.m in Sources */,
				5FF7D6781C80C800002157DB /* lzssfile.c in Sources */,
				5FF7D63D1C80B51B002157DB /* aeskey.c in Sources */,
				5FF7D7051C8149E6002157DB /* catalog.c in Sources */,
				5FF7D6461C80B51B002157DB /* ioapi.c in Sources */,
				5FF7D6EF1C8148B5002157DB /* partition.c in Sources */,
				5FF7D6441C80B51B002157DB /* sha1.c in Sources */,
				5FF7D70B1C8149E6002157DB /* hfscompress.c in Sources */,
				5FF7D5DF1C80A782002157DB /* CBFirmwareDownloader.m in Sources */,
				5FF7D5DE1C80A782002157DB /* CBDeviceInfo.m in Sources */,
				5FF7D63C1C80B51B002157DB /* aescrypt.c in Sources */,
				5FF7D60B1C80A99C002157DB /* AFHTTPSessionManager.m in Sources */,
			);
			runOnlyForDeploymentPostprocessing = 0;
		};
/* End PBXSourcesBuildPhase section */

/* Begin PBXVariantGroup section */
		5FF7D5CC1C80A75A002157DB /* LaunchScreen.storyboard */ = {
			isa = PBXVariantGroup;
			children = (
				5FF7D5CD1C80A75A002157DB /* Base */,
			);
			name = LaunchScreen.storyboard;
			sourceTree = "<group>";
		};
/* End PBXVariantGroup section */

/* Begin XCBuildConfiguration section */
		5FF7D5D01C80A75A002157DB /* Debug */ = {
			isa = XCBuildConfiguration;
			buildSettings = {
				ALWAYS_SEARCH_USER_PATHS = NO;
				CLANG_CXX_LANGUAGE_STANDARD = "gnu++0x";
				CLANG_CXX_LIBRARY = "libc++";
				CLANG_ENABLE_MODULES = YES;
				CLANG_ENABLE_OBJC_ARC = YES;
				CLANG_WARN_BOOL_CONVERSION = YES;
				CLANG_WARN_CONSTANT_CONVERSION = YES;
				CLANG_WARN_DIRECT_OBJC_ISA_USAGE = YES_ERROR;
				CLANG_WARN_EMPTY_BODY = YES;
				CLANG_WARN_ENUM_CONVERSION = YES;
				CLANG_WARN_INT_CONVERSION = YES;
				CLANG_WARN_OBJC_ROOT_CLASS = YES_ERROR;
				CLANG_WARN_UNREACHABLE_CODE = YES;
				CLANG_WARN__DUPLICATE_METHOD_MATCH = YES;
				"CODE_SIGN_IDENTITY[sdk=iphoneos*]" = "iPhone Developer";
				COPY_PHASE_STRIP = NO;
				DEBUG_INFORMATION_FORMAT = dwarf;
				ENABLE_STRICT_OBJC_MSGSEND = YES;
				ENABLE_TESTABILITY = YES;
				GCC_C_LANGUAGE_STANDARD = gnu99;
				GCC_DYNAMIC_NO_PIC = NO;
				GCC_NO_COMMON_BLOCKS = YES;
				GCC_OPTIMIZATION_LEVEL = 0;
				GCC_PREPROCESSOR_DEFINITIONS = (
					"DEBUG=1",
					"$(inherited)",
				);
				GCC_WARN_64_TO_32_BIT_CONVERSION = YES;
				GCC_WARN_ABOUT_RETURN_TYPE = YES_ERROR;
				GCC_WARN_UNDECLARED_SELECTOR = YES;
				GCC_WARN_UNINITIALIZED_AUTOS = YES_AGGRESSIVE;
				GCC_WARN_UNUSED_FUNCTION = YES;
				GCC_WARN_UNUSED_VARIABLE = YES;
				IPHONEOS_DEPLOYMENT_TARGET = 9.2;
				MTL_ENABLE_DEBUG_INFO = YES;
				ONLY_ACTIVE_ARCH = YES;
				SDKROOT = iphoneos;
			};
			name = Debug;
		};
		5FF7D5D11C80A75A002157DB /* Release */ = {
			isa = XCBuildConfiguration;
			buildSettings = {
				ALWAYS_SEARCH_USER_PATHS = NO;
				CLANG_CXX_LANGUAGE_STANDARD = "gnu++0x";
				CLANG_CXX_LIBRARY = "libc++";
				CLANG_ENABLE_MODULES = YES;
				CLANG_ENABLE_OBJC_ARC = YES;
				CLANG_WARN_BOOL_CONVERSION = YES;
				CLANG_WARN_CONSTANT_CONVERSION = YES;
				CLANG_WARN_DIRECT_OBJC_ISA_USAGE = YES_ERROR;
				CLANG_WARN_EMPTY_BODY = YES;
				CLANG_WARN_ENUM_CONVERSION = YES;
				CLANG_WARN_INT_CONVERSION = YES;
				CLANG_WARN_OBJC_ROOT_CLASS = YES_ERROR;
				CLANG_WARN_UNREACHABLE_CODE = YES;
				CLANG_WARN__DUPLICATE_METHOD_MATCH = YES;
				"CODE_SIGN_IDENTITY[sdk=iphoneos*]" = "iPhone Developer";
				COPY_PHASE_STRIP = NO;
				DEBUG_INFORMATION_FORMAT = "dwarf-with-dsym";
				ENABLE_NS_ASSERTIONS = NO;
				ENABLE_STRICT_OBJC_MSGSEND = YES;
				GCC_C_LANGUAGE_STANDARD = gnu99;
				GCC_NO_COMMON_BLOCKS = YES;
				GCC_WARN_64_TO_32_BIT_CONVERSION = YES;
				GCC_WARN_ABOUT_RETURN_TYPE = YES_ERROR;
				GCC_WARN_UNDECLARED_SELECTOR = YES;
				GCC_WARN_UNINITIALIZED_AUTOS = YES_AGGRESSIVE;
				GCC_WARN_UNUSED_FUNCTION = YES;
				GCC_WARN_UNUSED_VARIABLE = YES;
				IPHONEOS_DEPLOYMENT_TARGET = 9.2;
				MTL_ENABLE_DEBUG_INFO = NO;
				SDKROOT = iphoneos;
				VALIDATE_PRODUCT = YES;
			};
			name = Release;
		};
		5FF7D5D31C80A75A002157DB /* Debug */ = {
			isa = XCBuildConfiguration;
			buildSettings = {
				ASSETCATALOG_COMPILER_APPICON_NAME = AppIcon;
				CODE_SIGN_IDENTITY = "iPhone Developer";
				"CODE_SIGN_IDENTITY[sdk=iphoneos*]" = "iPhone Developer";
				INFOPLIST_FILE = coolbooter/Info.plist;
				IPHONEOS_DEPLOYMENT_TARGET = 6.1;
				LD_RUNPATH_SEARCH_PATHS = "$(inherited) @executable_path/Frameworks";
				LIBRARY_SEARCH_PATHS = (
					"$(inherited)",
					"$(PROJECT_DIR)/coolbooter/libssl",
				);
				PRODUCT_BUNDLE_IDENTIFIER = com.guccimane.coolbooter;
				PRODUCT_NAME = "$(TARGET_NAME)";
				PROVISIONING_PROFILE = "";
				USER_HEADER_SEARCH_PATHS = "";
				VALID_ARCHS = "armv7 armv7s";
			};
			name = Debug;
		};
		5FF7D5D41C80A75A002157DB /* Release */ = {
			isa = XCBuildConfiguration;
			buildSettings = {
				ASSETCATALOG_COMPILER_APPICON_NAME = AppIcon;
				CODE_SIGN_IDENTITY = "iPhone Developer";
				"CODE_SIGN_IDENTITY[sdk=iphoneos*]" = "iPhone Developer";
				INFOPLIST_FILE = coolbooter/Info.plist;
				IPHONEOS_DEPLOYMENT_TARGET = 6.1;
				LD_RUNPATH_SEARCH_PATHS = "$(inherited) @executable_path/Frameworks";
				LIBRARY_SEARCH_PATHS = (
					"$(inherited)",
					"$(PROJECT_DIR)/coolbooter/libssl",
				);
				PRODUCT_BUNDLE_IDENTIFIER = com.guccimane.coolbooter;
				PRODUCT_NAME = "$(TARGET_NAME)";
				PROVISIONING_PROFILE = "";
				USER_HEADER_SEARCH_PATHS = "";
				VALID_ARCHS = "armv7 armv7s";
			};
			name = Release;
		};
/* End XCBuildConfiguration section */

/* Begin XCConfigurationList section */
		5FF7D5B61C80A75A002157DB /* Build configuration list for PBXProject "coolbooter" */ = {
			isa = XCConfigurationList;
			buildConfigurations = (
				5FF7D5D01C80A75A002157DB /* Debug */,
				5FF7D5D11C80A75A002157DB /* Release */,
			);
			defaultConfigurationIsVisible = 0;
			defaultConfigurationName = Release;
		};
		5FF7D5D21C80A75A002157DB /* Build configuration list for PBXNativeTarget "coolbooter" */ = {
			isa = XCConfigurationList;
			buildConfigurations = (
				5FF7D5D31C80A75A002157DB /* Debug */,
				5FF7D5D41C80A75A002157DB /* Release */,
			);
			defaultConfigurationIsVisible = 0;
		};
/* End XCConfigurationList section */
	};
	rootObject = 5FF7D5B31C80A75A002157DB /* Project object */;
}
